
Microsoft Visual Studio Solution File, Format Version 12.00
# Visual Studio Version 17
VisualStudioVersion = 17.4.33205.214
MinimumVisualStudioVersion = 10.0.40219.1
Project("{2150E333-8FDC-42A3-9474-1A3956D46DE8}") = "ApiConsume", "ApiConsume", "{97999C63-977F-4941-8F86-335973CD9356}"
EndProject
Project("{2150E333-8FDC-42A3-9474-1A3956D46DE8}") = "Frontend", "Frontend", "{C6A279BE-F096-488E-9D47-A38E43220408}"
EndProject
Project("{2150E333-8FDC-42A3-9474-1A3956D46DE8}") = "ToDoList", "ToDoList", "{B45CBB28-8048-43D9-BBF8-9B14E9405B30}"
	ProjectSection(SolutionItems) = preProject
		Steps.txt = Steps.txt
	EndProjectSection
EndProject
Project("{9A19103F-16F7-4668-BE54-9A1E7A4F7556}") = "HotelProject.WebApi", "ApiConsume\HotelProject.WebApi\HotelProject.WebApi.csproj", "{6FD0269D-41CA-4D51-8991-2E2BBE072FCD}"
EndProject
Project("{9A19103F-16F7-4668-BE54-9A1E7A4F7556}") = "HotelProjectEntityLayer", "ApiConsume\HotelProjectEntityLayer\HotelProjectEntityLayer.csproj", "{7848B672-7486-4A94-8047-4D24C8494F9E}"
EndProject
Project("{9A19103F-16F7-4668-BE54-9A1E7A4F7556}") = "HotelProject.BusinessLayer", "ApiConsume\HotelProject.BusinessLayer\HotelProject.BusinessLayer.csproj", "{19407C2E-DA7D-444C-A67F-1475B29216B7}"
EndProject
Project("{9A19103F-16F7-4668-BE54-9A1E7A4F7556}") = "HotelProjectDataAccessLayer", "ApiConsume\HotelProjectDataAccessLayer\HotelProjectDataAccessLayer.csproj", "{931FAA89-FEA7-4478-87E1-E919ED2905AF}"
EndProject
Project("{9A19103F-16F7-4668-BE54-9A1E7A4F7556}") = "HotelProject.DtoLayer", "ApiConsume\HotelProject.DtoLayer\HotelProject.DtoLayer.csproj", "{077CBF77-E2B3-4627-991E-7A88A540E30F}"
EndProject
Project("{9A19103F-16F7-4668-BE54-9A1E7A4F7556}") = "Hotelroject.WebUI", "Frontend\Hotelroject.WebUI\Hotelroject.WebUI.csproj", "{A1C7407F-10F6-4659-8304-84461EB159F3}"
EndProject
Project("{2150E333-8FDC-42A3-9474-1A3956D46DE8}") = "RapidAPI", "RapidAPI", "{D2021F7A-4AC2-4DDA-AAE5-1194E67FB966}"
EndProject
Project("{9A19103F-16F7-4668-BE54-9A1E7A4F7556}") = "RapidApiConsume", "RapidApi\RapidApiConsume\RapidApiConsume.csproj", "{44B07401-869B-46F7-B390-2995CB06913C}"
EndProject
Project("{2150E333-8FDC-42A3-9474-1A3956D46DE8}") = "JwtProject", "JwtProject", "{EC057BBA-3E1A-451B-B45D-24652620456D}"
EndProject
Project("{FAE04EC0-301F-11D3-BF4B-00C04F79EFBC}") = "WebApiJwt", "JwtProject\WebApiJwt\WebApiJwt.csproj", "{262F5260-B545-4157-98BB-7905C2700A81}"
EndProject
Global
	GlobalSection(SolutionConfigurationPlatforms) = preSolution
		Debug|Any CPU = Debug|Any CPU
		Release|Any CPU = Release|Any CPU
	EndGlobalSection
	GlobalSection(ProjectConfigurationPlatforms) = postSolution
		{6FD0269D-41CA-4D51-8991-2E2BBE072FCD}.Debug|Any CPU.ActiveCfg = Debug|Any CPU
		{6FD0269D-41CA-4D51-8991-2E2BBE072FCD}.Debug|Any CPU.Build.0 = Debug|Any CPU
		{6FD0269D-41CA-4D51-8991-2E2BBE072FCD}.Release|Any CPU.ActiveCfg = Release|Any CPU
		{6FD0269D-41CA-4D51-8991-2E2BBE072FCD}.Release|Any CPU.Build.0 = Release|Any CPU
		{7848B672-7486-4A94-8047-4D24C8494F9E}.Debug|Any CPU.ActiveCfg = Debug|Any CPU
		{7848B672-7486-4A94-8047-4D24C8494F9E}.Debug|Any CPU.Build.0 = Debug|Any CPU
		{7848B672-7486-4A94-8047-4D24C8494F9E}.Release|Any CPU.ActiveCfg = Release|Any CPU
		{7848B672-7486-4A94-8047-4D24C8494F9E}.Release|Any CPU.Build.0 = Release|Any CPU
		{19407C2E-DA7D-444C-A67F-1475B29216B7}.Debug|Any CPU.ActiveCfg = Debug|Any CPU
		{19407C2E-DA7D-444C-A67F-1475B29216B7}.Debug|Any CPU.Build.0 = Debug|Any CPU
		{19407C2E-DA7D-444C-A67F-1475B29216B7}.Release|Any CPU.ActiveCfg = Release|Any CPU
		{19407C2E-DA7D-444C-A67F-1475B29216B7}.Release|Any CPU.Build.0 = Release|Any CPU
		{931FAA89-FEA7-4478-87E1-E919ED2905AF}.Debug|Any CPU.ActiveCfg = Debug|Any CPU
		{931FAA89-FEA7-4478-87E1-E919ED2905AF}.Debug|Any CPU.Build.0 = Debug|Any CPU
		{931FAA89-FEA7-4478-87E1-E919ED2905AF}.Release|Any CPU.ActiveCfg = Release|Any CPU
		{931FAA89-FEA7-4478-87E1-E919ED2905AF}.Release|Any CPU.Build.0 = Release|Any CPU
		{077CBF77-E2B3-4627-991E-7A88A540E30F}.Debug|Any CPU.ActiveCfg = Debug|Any CPU
		{077CBF77-E2B3-4627-991E-7A88A540E30F}.Debug|Any CPU.Build.0 = Debug|Any CPU
		{077CBF77-E2B3-4627-991E-7A88A540E30F}.Release|Any CPU.ActiveCfg = Release|Any CPU
		{077CBF77-E2B3-4627-991E-7A88A540E30F}.Release|Any CPU.Build.0 = Release|Any CPU
		{A1C7407F-10F6-4659-8304-84461EB159F3}.Debug|Any CPU.ActiveCfg = Debug|Any CPU
		{A1C7407F-10F6-4659-8304-84461EB159F3}.Debug|Any CPU.Build.0 = Debug|Any CPU
		{A1C7407F-10F6-4659-8304-84461EB159F3}.Release|Any CPU.ActiveCfg = Release|Any CPU
		{A1C7407F-10F6-4659-8304-84461EB159F3}.Release|Any CPU.Build.0 = Release|Any CPU
		{44B07401-869B-46F7-B390-2995CB06913C}.Debug|Any CPU.ActiveCfg = Debug|Any CPU
		{44B07401-869B-46F7-B390-2995CB06913C}.Debug|Any CPU.Build.0 = Debug|Any CPU
		{44B07401-869B-46F7-B390-2995CB06913C}.Release|Any CPU.ActiveCfg = Release|Any CPU
		{44B07401-869B-46F7-B390-2995CB06913C}.Release|Any CPU.Build.0 = Release|Any CPU
		{262F5260-B545-4157-98BB-7905C2700A81}.Debug|Any CPU.ActiveCfg = Debug|Any CPU
		{262F5260-B545-4157-98BB-7905C2700A81}.Debug|Any CPU.Build.0 = Debug|Any CPU
		{262F5260-B545-4157-98BB-7905C2700A81}.Release|Any CPU.ActiveCfg = Release|Any CPU
		{262F5260-B545-4157-98BB-7905C2700A81}.Release|Any CPU.Build.0 = Release|Any CPU
	EndGlobalSection
	GlobalSection(SolutionProperties) = preSolution
		HideSolutionNode = FALSE
	EndGlobalSection
	GlobalSection(NestedProjects) = preSolution
		{6FD0269D-41CA-4D51-8991-2E2BBE072FCD} = {97999C63-977F-4941-8F86-335973CD9356}
		{7848B672-7486-4A94-8047-4D24C8494F9E} = {97999C63-977F-4941-8F86-335973CD9356}
		{19407C2E-DA7D-444C-A67F-1475B29216B7} = {97999C63-977F-4941-8F86-335973CD9356}
		{931FAA89-FEA7-4478-87E1-E919ED2905AF} = {97999C63-977F-4941-8F86-335973CD9356}
		{077CBF77-E2B3-4627-991E-7A88A540E30F} = {97999C63-977F-4941-8F86-335973CD9356}
		{A1C7407F-10F6-4659-8304-84461EB159F3} = {C6A279BE-F096-488E-9D47-A38E43220408}
		{44B07401-869B-46F7-B390-2995CB06913C} = {D2021F7A-4AC2-4DDA-AAE5-1194E67FB966}
		{262F5260-B545-4157-98BB-7905C2700A81} = {EC057BBA-3E1A-451B-B45D-24652620456D}
	EndGlobalSection
	GlobalSection(ExtensibilityGlobals) = postSolution
		SolutionGuid = {AA0F258D-73EB-4564-A0BD-9922D6CC8E9A}
	EndGlobalSection
EndGlobal
